
Microsoft Visual Studio Solution File, Format Version 12.00
# Visual Studio Version 17
VisualStudioVersion = 17.1.32414.318
MinimumVisualStudioVersion = 10.0.40219.1
Project("{F184B08F-C81C-45F6-A57F-5ABD9991F28F}") = "Project_Final", "Project_Final.vbproj", "{012E2DD3-D827-439D-84B9-875CD9803BB1}"
EndProject
Global
	GlobalSection(SolutionConfigurationPlatforms) = preSolution
		Debug|Any CPU = Debug|Any CPU
		Release|Any CPU = Release|Any CPU
	EndGlobalSection
	GlobalSection(ProjectConfigurationPlatforms) = postSolution
		{012E2DD3-D827-439D-84B9-875CD9803BB1}.Debug|Any CPU.ActiveCfg = Debug|Any CPU
		{012E2DD3-D827-439D-84B9-875CD9803BB1}.Debug|Any CPU.Build.0 = Debug|Any CPU
		{012E2DD3-D827-439D-84B9-875CD9803BB1}.Release|Any CPU.ActiveCfg = Release|Any CPU
		{012E2DD3-D827-439D-84B9-875CD9803BB1}.Release|Any CPU.Build.0 = Release|Any CPU
	EndGlobalSection
	GlobalSection(SolutionProperties) = preSolution
		HideSolutionNode = FALSE
	EndGlobalSection
	GlobalSection(ExtensibilityGlobals) = postSolution
		SolutionGuid = {C789ABCE-F64A-4A37-8840-FBF652F94E7A}
	EndGlobalSection
EndGlobal
